
Microsoft Visual Studio Solution File, Format Version 12.00
# Visual Studio Version 17
VisualStudioVersion = 17.11.35222.181
MinimumVisualStudioVersion = 10.0.40219.1
Project("{9A19103F-16F7-4668-BE54-9A1E7A4F7556}") = "Test", "Test.csproj", "{55A5FB4B-07E9-4FD6-BD93-3C419A8E9BC2}"
EndProject
Global
	GlobalSection(SolutionConfigurationPlatforms) = preSolution
		Debug|Any CPU = Debug|Any CPU
		Release|Any CPU = Release|Any CPU
	EndGlobalSection
	GlobalSection(ProjectConfigurationPlatforms) = postSolution
		{55A5FB4B-07E9-4FD6-BD93-3C419A8E9BC2}.Debug|Any CPU.ActiveCfg = Debug|Any CPU
		{55A5FB4B-07E9-4FD6-BD93-3C419A8E9BC2}.Debug|Any CPU.Build.0 = Debug|Any CPU
		{55A5FB4B-07E9-4FD6-BD93-3C419A8E9BC2}.Release|Any CPU.ActiveCfg = Release|Any CPU
		{55A5FB4B-07E9-4FD6-BD93-3C419A8E9BC2}.Release|Any CPU.Build.0 = Release|Any CPU
	EndGlobalSection
	GlobalSection(SolutionProperties) = preSolution
		HideSolutionNode = FALSE
	EndGlobalSection
	GlobalSection(ExtensibilityGlobals) = postSolution
		SolutionGuid = {A3313830-CB49-4DD7-8030-1935816481D1}
	EndGlobalSection
EndGlobal
